# THIS IS AN AUTOGENERATED FILE. DO NOT EDIT THIS FILE DIRECTLY.
# yarn lockfile v1


axios@0.18.0:
  version "0.18.0"
  resolved "https://registry.yarnpkg.com/axios/-/axios-0.18.0.tgz#32d53e4851efdc0a11993b6cd000789d70c05102"
  integrity sha1-MtU+SFHv3AoRmTts0AB4nXDAUQI=
  dependencies:
    follow-redirects "^1.3.0"
    is-buffer "^1.1.5"

bluebird@^3.5.0:
  version "3.5.3"
  resolved "https://registry.yarnpkg.com/bluebird/-/bluebird-3.5.3.tgz#7d01c6f9616c9a51ab0f8c549a79dfe6ec33efa7"
  integrity sha512-/qKPUQlaW1OyR51WeCPBvRnAlnZFUJkCSG5HzGnuIqhgyJtF+T94lFnn33eiazjRm2LAHVy2guNnaq48X9SJuw==

debug@=3.1.0:
  version "3.1.0"
  resolved "https://registry.yarnpkg.com/debug/-/debug-3.1.0.tgz#5bb5a0672628b64149566ba16819e61518c67261"
  integrity sha512-OX8XqP7/1a9cqkxYw2yXss15f26NKWBpDXQd0/uK/KPqdQhxbPa994hnzjcE2VqQpDslf55723cKPUOGSmMY3g==
  dependencies:
    ms "2.0.0"

follow-redirects@^1.3.0:
  version "1.6.1"
  resolved "https://registry.yarnpkg.com/follow-redirects/-/follow-redirects-1.6.1.tgz#514973c44b5757368bad8bddfe52f81f015c94cb"
  integrity sha512-t2JCjbzxQpWvbhts3l6SH1DKzSrx8a+SsaVf4h6bG4kOXUuPYS/kg2Lr4gQSb7eemaHqJkOThF1BGyjlUkO1GQ==
  dependencies:
    debug "=3.1.0"

ip-regex@^3.0.0:
  version "3.0.0"
  resolved "https://registry.yarnpkg.com/ip-regex/-/ip-regex-3.0.0.tgz#0a934694b4066558c46294244a23cc33116bf732"
  integrity sha512-T8wDtjy+Qf2TAPDQmBp0eGKJ8GavlWlUnamr3wRn6vvdZlKVuJXXMlSncYFRYgVHOM3If5NR1H4+OvVQU9Idvg==

is-buffer@^1.1.5:
  version "1.1.6"
  resolved "https://registry.yarnpkg.com/is-buffer/-/is-buffer-1.1.6.tgz#efaa2ea9daa0d7ab2ea13a97b2b8ad51fefbe8be"
  integrity sha512-NcdALwpXkTm5Zvvbk7owOUSvVvBKDgKP5/ewfXEznmQFfs4ZRmanOeKBTjRVjka3QFoN6XJ+9F3USqfHqTaU5w==

lodash.get@4.4.2:
  version "4.4.2"
  resolved "https://registry.yarnpkg.com/lodash.get/-/lodash.get-4.4.2.tgz#2d177f652fa31e939b4438d5341499dfa3825e99"
  integrity sha1-LRd/ZS+jHpObRDjVNBSZ36OCXpk=

lodash@^4.13.1:
  version "4.17.11"
  resolved "https://registry.yarnpkg.com/lodash/-/lodash-4.17.11.tgz#b39ea6229ef607ecd89e2c8df12536891cac9b8d"
  integrity sha512-cQKh8igo5QUhZ7lg38DYWAxMvjSAKG0A8wGSVimP07SIUEK2UO+arSRKbRZWtelMtN5V0Hkwh5ryOto/SshYIg==

ms@2.0.0:
  version "2.0.0"
  resolved "https://registry.yarnpkg.com/ms/-/ms-2.0.0.tgz#5608aeadfc00be6c2901df5f9861788de0d597c8"
  integrity sha1-VgiurfwAvmwpAd9fmGF4jeDVl8g=

psl@^1.1.28:
  version "1.1.31"
  resolved "https://registry.yarnpkg.com/psl/-/psl-1.1.31.tgz#e9aa86d0101b5b105cbe93ac6b784cd547276184"
  integrity sha512-/6pt4+C+T+wZUieKR620OpzN/LlnNKuWjy1iFLQ/UG35JqHlR/89MP1d96dUfkf6Dne3TuLQzOYEYshJ+Hx8mw==

punycode@^2.1.1:
  version "2.1.1"
  resolved "https://registry.yarnpkg.com/punycode/-/punycode-2.1.1.tgz#b58b010ac40c22c5657616c8d2c2c02c7bf479ec"
  integrity sha512-XRsRjdf+j5ml+y/6GKHPZbrF/8p2Yga0JPtdqTIY2Xe5ohJPD9saDJJLPvp9+NSBprVvevdXZybnj2cv8OEd0A==

request-promise-core@1.1.1:
  version "1.1.1"
  resolved "https://registry.yarnpkg.com/request-promise-core/-/request-promise-core-1.1.1.tgz#3eee00b2c5aa83239cfb04c5700da36f81cd08b6"
  integrity sha1-Pu4AssWqgyOc+wTFcA2jb4HNCLY=
  dependencies:
    lodash "^4.13.1"

request-promise@4.2.2:
  version "4.2.2"
  resolved "https://registry.yarnpkg.com/request-promise/-/request-promise-4.2.2.tgz#d1ea46d654a6ee4f8ee6a4fea1018c22911904b4"
  integrity sha1-0epG1lSm7k+O5qT+oQGMIpEZBLQ=
  dependencies:
    bluebird "^3.5.0"
    request-promise-core "1.1.1"
    stealthy-require "^1.1.0"
    tough-cookie ">=2.3.3"

sax@0.6.x:
  version "0.6.1"
  resolved "https://registry.yarnpkg.com/sax/-/sax-0.6.1.tgz#563b19c7c1de892e09bfc4f2fc30e3c27f0952b9"
  integrity sha1-VjsZx8HeiS4Jv8Ty/DDjwn8JUrk=

stealthy-require@^1.1.0:
  version "1.1.1"
  resolved "https://registry.yarnpkg.com/stealthy-require/-/stealthy-require-1.1.1.tgz#35b09875b4ff49f26a777e509b3090a3226bf24b"
  integrity sha1-NbCYdbT/SfJqd35QmzCQoyJr8ks=

tough-cookie@>=2.3.3:
  version "3.0.0"
  resolved "https://registry.yarnpkg.com/tough-cookie/-/tough-cookie-3.0.0.tgz#d2bceddebde633153ff20a52fa844a0dc71dacef"
  integrity sha512-LHMvg+RBP/mAVNqVbOX8t+iJ+tqhBA/t49DuI7+IDAWHrASnesqSu1vWbKB7UrE2yk+HMFUBMadRGMkB4VCfog==
  dependencies:
    ip-regex "^3.0.0"
    psl "^1.1.28"
    punycode "^2.1.1"

xml2js@0.4.9:
  version "0.4.9"
  resolved "https://registry.yarnpkg.com/xml2js/-/xml2js-0.4.9.tgz#d07cfdcb4d20b430478a5457bdcfc6ed621d884f"
  integrity sha1-0Hz9y00gtDBHilRXvc/G7WIdiE8=
  dependencies:
    sax "0.6.x"
    xmlbuilder ">=2.4.6"

xmlbuilder@>=2.4.6:
  version "10.1.1"
  resolved "https://registry.yarnpkg.com/xmlbuilder/-/xmlbuilder-10.1.1.tgz#8cae6688cc9b38d850b7c8d3c0a4161dcaf475b0"
  integrity sha512-OyzrcFLL/nb6fMGHbiRDuPup9ljBycsdCypwuyg5AAHvyWzGfChJpCXMG88AGTIMFhGZ9RccFN1e6lhg3hkwKg==
